// !$*UTF8*$!
{
	archiveVersion = 1;
	classes = {
	};
	objectVersion = 50;
	objects = {

/* Begin PBXBuildFile section */
		2D97A9B921ADD3D10017FCC1 /* AppDelegate.swift in Sources */ = {isa = PBXBuildFile; fileRef = 2D97A9B821ADD3D10017FCC1 /* AppDelegate.swift */; };
		2D97A9BB21ADD3D10017FCC1 /* PhotoSelectionViewController.swift in Sources */ = {isa = PBXBuildFile; fileRef = 2D97A9BA21ADD3D10017FCC1 /* PhotoSelectionViewController.swift */; };
		2D97A9BE21ADD3D10017FCC1 /* Main.storyboard in Resources */ = {isa = PBXBuildFile; fileRef = 2D97A9BC21ADD3D10017FCC1 /* Main.storyboard */; };
		2D97A9C121ADD3D10017FCC1 /* Photo_Library_and_Camera.xcdatamodeld in Sources */ = {isa = PBXBuildFile; fileRef = 2D97A9BF21ADD3D10017FCC1 /* Photo_Library_and_Camera.xcdatamodeld */; };
		2D97A9C321ADD3D20017FCC1 /* Assets.xcassets in Resources */ = {isa = PBXBuildFile; fileRef = 2D97A9C221ADD3D20017FCC1 /* Assets.xcassets */; };
		2D97A9C621ADD3D20017FCC1 /* LaunchScreen.storyboard in Resources */ = {isa = PBXBuildFile; fileRef = 2D97A9C421ADD3D20017FCC1 /* LaunchScreen.storyboard */; };
		2D97A9D121ADD3D20017FCC1 /* Photo_Library_and_CameraTests.swift in Sources */ = {isa = PBXBuildFile; fileRef = 2D97A9D021ADD3D20017FCC1 /* Photo_Library_and_CameraTests.swift */; };
		2D97A9DC21ADD3D20017FCC1 /* Photo_Library_and_CameraUITests.swift in Sources */ = {isa = PBXBuildFile; fileRef = 2D97A9DB21ADD3D20017FCC1 /* Photo_Library_and_CameraUITests.swift */; };
/* End PBXBuildFile section */

/* Begin PBXContainerItemProxy section */
		2D97A9CD21ADD3D20017FCC1 /* PBXContainerItemProxy */ = {
			isa = PBXContainerItemProxy;
			containerPortal = 2D97A9AD21ADD3D10017FCC1 /* Project object */;
			proxyType = 1;
			remoteGlobalIDString = 2D97A9B421ADD3D10017FCC1;
			remoteInfo = "Photo Library and Camera";
		};
		2D97A9D821ADD3D20017FCC1 /* PBXContainerItemProxy */ = {
			isa = PBXContainerItemProxy;
			containerPortal = 2D97A9AD21ADD3D10017FCC1 /* Project object */;
			proxyType = 1;
			remoteGlobalIDString = 2D97A9B421ADD3D10017FCC1;
			remoteInfo = "Photo Library and Camera";
		};
/* End PBXContainerItemProxy section */

/* Begin PBXFileReference section */
		2D97A9B521ADD3D10017FCC1 /* Photo Library and Camera.app */ = {isa = PBXFileReference; explicitFileType = wrapper.application; includeInIndex = 0; path = "Photo Library and Camera.app"; sourceTree = BUILT_PRODUCTS_DIR; };
		2D97A9B821ADD3D10017FCC1 /* AppDelegate.swift */ = {isa = PBXFileReference; lastKnownFileType = sourcecode.swift; path = AppDelegate.swift; sourceTree = "<group>"; };
		2D97A9BA21ADD3D10017FCC1 /* PhotoSelectionViewController.swift */ = {isa = PBXFileReference; lastKnownFileType = sourcecode.swift; path = PhotoSelectionViewController.swift; sourceTree = "<group>"; };
		2D97A9BD21ADD3D10017FCC1 /* Base */ = {isa = PBXFileReference; lastKnownFileType = file.storyboard; name = Base; path = Base.lproj/Main.storyboard; sourceTree = "<group>"; };
		2D97A9C021ADD3D10017FCC1 /* Photo_Library_and_Camera.xcdatamodel */ = {isa = PBXFileReference; lastKnownFileType = wrapper.xcdatamodel; path = Photo_Library_and_Camera.xcdatamodel; sourceTree = "<group>"; };
		2D97A9C221ADD3D20017FCC1 /* Assets.xcassets */ = {isa = PBXFileReference; lastKnownFileType = folder.assetcatalog; path = Assets.xcassets; sourceTree = "<group>"; };
		2D97A9C521ADD3D20017FCC1 /* Base */ = {isa = PBXFileReference; lastKnownFileType = file.storyboard; name = Base; path = Base.lproj/LaunchScreen.storyboard; sourceTree = "<group>"; };
		2D97A9C721ADD3D20017FCC1 /* Info.plist */ = {isa = PBXFileReference; lastKnownFileType = text.plist.xml; path = Info.plist; sourceTree = "<group>"; };
		2D97A9CC21ADD3D20017FCC1 /* Photo Library and CameraTests.xctest */ = {isa = PBXFileReference; explicitFileType = wrapper.cfbundle; includeInIndex = 0; path = "Photo Library and CameraTests.xctest"; sourceTree = BUILT_PRODUCTS_DIR; };
		2D97A9D021ADD3D20017FCC1 /* Photo_Library_and_CameraTests.swift */ = {isa = PBXFileReference; lastKnownFileType = sourcecode.swift; path = Photo_Library_and_CameraTests.swift; sourceTree = "<group>"; };
		2D97A9D221ADD3D20017FCC1 /* Info.plist */ = {isa = PBXFileReference; lastKnownFileType = text.plist.xml; path = Info.plist; sourceTree = "<group>"; };
		2D97A9D721ADD3D20017FCC1 /* Photo Library and CameraUITests.xctest */ = {isa = PBXFileReference; explicitFileType = wrapper.cfbundle; includeInIndex = 0; path = "Photo Library and CameraUITests.xctest"; sourceTree = BUILT_PRODUCTS_DIR; };
		2D97A9DB21ADD3D20017FCC1 /* Photo_Library_and_CameraUITests.swift */ = {isa = PBXFileReference; lastKnownFileType = sourcecode.swift; path = Photo_Library_and_CameraUITests.swift; sourceTree = "<group>"; };
		2D97A9DD21ADD3D20017FCC1 /* Info.plist */ = {isa = PBXFileReference; lastKnownFileType = text.plist.xml; path = Info.plist; sourceTree = "<group>"; };
/* End PBXFileReference section */

/* Begin PBXFrameworksBuildPhase section */
		2D97A9B221ADD3D10017FCC1 /* Frameworks */ = {
			isa = PBXFrameworksBuildPhase;
			buildActionMask = 2147483647;
			files = (
			);
			runOnlyForDeploymentPostprocessing = 0;
		};
		2D97A9C921ADD3D20017FCC1 /* Frameworks */ = {
			isa = PBXFrameworksBuildPhase;
			buildActionMask = 2147483647;
			files = (
			);
			runOnlyForDeploymentPostprocessing = 0;
		};
		2D97A9D421ADD3D20017FCC1 /* Frameworks */ = {
			isa = PBXFrameworksBuildPhase;
			buildActionMask = 2147483647;
			files = (
			);
			runOnlyForDeploymentPostprocessing = 0;
		};
/* End PBXFrameworksBuildPhase section */

/* Begin PBXGroup section */
		2D97A9AC21ADD3D10017FCC1 = {
			isa = PBXGroup;
			children = (
				2D97A9B721ADD3D10017FCC1 /* Photo Library and Camera */,
				2D97A9CF21ADD3D20017FCC1 /* Photo Library and CameraTests */,
				2D97A9DA21ADD3D20017FCC1 /* Photo Library and CameraUITests */,
				2D97A9B621ADD3D10017FCC1 /* Products */,
			);
			sourceTree = "<group>";
		};
		2D97A9B621ADD3D10017FCC1 /* Products */ = {
			isa = PBXGroup;
			children = (
				2D97A9B521ADD3D10017FCC1 /* Photo Library and Camera.app */,
				2D97A9CC21ADD3D20017FCC1 /* Photo Library and CameraTests.xctest */,
				2D97A9D721ADD3D20017FCC1 /* Photo Library and CameraUITests.xctest */,
			);
			name = Products;
			sourceTree = "<group>";
		};
		2D97A9B721ADD3D10017FCC1 /* Photo Library and Camera */ = {
			isa = PBXGroup;
			children = (
				2D97A9B821ADD3D10017FCC1 /* AppDelegate.swift */,
				2D97A9BA21ADD3D10017FCC1 /* PhotoSelectionViewController.swift */,
				2D97A9BC21ADD3D10017FCC1 /* Main.storyboard */,
				2D97A9C221ADD3D20017FCC1 /* Assets.xcassets */,
				2D97A9C421ADD3D20017FCC1 /* LaunchScreen.storyboard */,
				2D97A9C721ADD3D20017FCC1 /* Info.plist */,
				2D97A9BF21ADD3D10017FCC1 /* Photo_Library_and_Camera.xcdatamodeld */,
			);
			path = "Photo Library and Camera";
			sourceTree = "<group>";
		};
		2D97A9CF21ADD3D20017FCC1 /* Photo Library and CameraTests */ = {
			isa = PBXGroup;
			children = (
				2D97A9D021ADD3D20017FCC1 /* Photo_Library_and_CameraTests.swift */,
				2D97A9D221ADD3D20017FCC1 /* Info.plist */,
			);
			path = "Photo Library and CameraTests";
			sourceTree = "<group>";
		};
		2D97A9DA21ADD3D20017FCC1 /* Photo Library and CameraUITests */ = {
			isa = PBXGroup;
			children = (
				2D97A9DB21ADD3D20017FCC1 /* Photo_Library_and_CameraUITests.swift */,
				2D97A9DD21ADD3D20017FCC1 /* Info.plist */,
			);
			path = "Photo Library and CameraUITests";
			sourceTree = "<group>";
		};
/* End PBXGroup section */

/* Begin PBXNativeTarget section */
		2D97A9B421ADD3D10017FCC1 /* Photo Library and Camera */ = {
			isa = PBXNativeTarget;
			buildConfigurationList = 2D97A9E021ADD3D20017FCC1 /* Build configuration list for PBXNativeTarget "Photo Library and Camera" */;
			buildPhases = (
				2D97A9B121ADD3D10017FCC1 /* Sources */,
				2D97A9B221ADD3D10017FCC1 /* Frameworks */,
				2D97A9B321ADD3D10017FCC1 /* Resources */,
			);
			buildRules = (
			);
			dependencies = (
			);
			name = "Photo Library and Camera";
			productName = "Photo Library and Camera";
			productReference = 2D97A9B521ADD3D10017FCC1 /* Photo Library and Camera.app */;
			productType = "com.apple.product-type.application";
		};
		2D97A9CB21ADD3D20017FCC1 /* Photo Library and CameraTests */ = {
			isa = PBXNativeTarget;
			buildConfigurationList = 2D97A9E321ADD3D20017FCC1 /* Build configuration list for PBXNativeTarget "Photo Library and CameraTests" */;
			buildPhases = (
				2D97A9C821ADD3D20017FCC1 /* Sources */,
				2D97A9C921ADD3D20017FCC1 /* Frameworks */,
				2D97A9CA21ADD3D20017FCC1 /* Resources */,
			);
			buildRules = (
			);
			dependencies = (
				2D97A9CE21ADD3D20017FCC1 /* PBXTargetDependency */,
			);
			name = "Photo Library and CameraTests";
			productName = "Photo Library and CameraTests";
			productReference = 2D97A9CC21ADD3D20017FCC1 /* Photo Library and CameraTests.xctest */;
			productType = "com.apple.product-type.bundle.unit-test";
		};
		2D97A9D621ADD3D20017FCC1 /* Photo Library and CameraUITests */ = {
			isa = PBXNativeTarget;
			buildConfigurationList = 2D97A9E621ADD3D20017FCC1 /* Build configuration list for PBXNativeTarget "Photo Library and CameraUITests" */;
			buildPhases = (
				2D97A9D321ADD3D20017FCC1 /* Sources */,
				2D97A9D421ADD3D20017FCC1 /* Frameworks */,
				2D97A9D521ADD3D20017FCC1 /* Resources */,
			);
			buildRules = (
			);
			dependencies = (
				2D97A9D921ADD3D20017FCC1 /* PBXTargetDependency */,
			);
			name = "Photo Library and CameraUITests";
			productName = "Photo Library and CameraUITests";
			productReference = 2D97A9D721ADD3D20017FCC1 /* Photo Library and CameraUITests.xctest */;
			productType = "com.apple.product-type.bundle.ui-testing";
		};
/* End PBXNativeTarget section */

/* Begin PBXProject section */
		2D97A9AD21ADD3D10017FCC1 /* Project object */ = {
			isa = PBXProject;
			attributes = {
				LastSwiftUpdateCheck = 1010;
				LastUpgradeCheck = 1010;
				ORGANIZATIONNAME = "Tech Innovator";
				TargetAttributes = {
					2D97A9B421ADD3D10017FCC1 = {
						CreatedOnToolsVersion = 10.1;
					};
					2D97A9CB21ADD3D20017FCC1 = {
						CreatedOnToolsVersion = 10.1;
						TestTargetID = 2D97A9B421ADD3D10017FCC1;
					};
					2D97A9D621ADD3D20017FCC1 = {
						CreatedOnToolsVersion = 10.1;
						TestTargetID = 2D97A9B421ADD3D10017FCC1;
					};
				};
			};
			buildConfigurationList = 2D97A9B021ADD3D10017FCC1 /* Build configuration list for PBXProject "Photo Library and Camera" */;
			compatibilityVersion = "Xcode 9.3";
			developmentRegion = en;
			hasScannedForEncodings = 0;
			knownRegions = (
				en,
				Base,
			);
			mainGroup = 2D97A9AC21ADD3D10017FCC1;
			productRefGroup = 2D97A9B621ADD3D10017FCC1 /* Products */;
			projectDirPath = "";
			projectRoot = "";
			targets = (
				2D97A9B421ADD3D10017FCC1 /* Photo Library and Camera */,
				2D97A9CB21ADD3D20017FCC1 /* Photo Library and CameraTests */,
				2D97A9D621ADD3D20017FCC1 /* Photo Library and CameraUITests */,
			);
		};
/* End PBXProject section */

/* Begin PBXResourcesBuildPhase section */
		2D97A9B321ADD3D10017FCC1 /* Resources */ = {
			isa = PBXResourcesBuildPhase;
			buildActionMask = 2147483647;
			files = (
				2D97A9C621ADD3D20017FCC1 /* LaunchScreen.storyboard in Resources */,
				2D97A9C321ADD3D20017FCC1 /* Assets.xcassets in Resources */,
				2D97A9BE21ADD3D10017FCC1 /* Main.storyboard in Resources */,
			);
			runOnlyForDeploymentPostprocessing = 0;
		};
		2D97A9CA21ADD3D20017FCC1 /* Resources */ = {
			isa = PBXResourcesBuildPhase;
			buildActionMask = 2147483647;
			files = (
			);
			runOnlyForDeploymentPostprocessing = 0;
		};
		2D97A9D521ADD3D20017FCC1 /* Resources */ = {
			isa = PBXResourcesBuildPhase;
			buildActionMask = 2147483647;
			files = (
			);
			runOnlyForDeploymentPostprocessing = 0;
		};
/* End PBXResourcesBuildPhase section */

/* Begin PBXSourcesBuildPhase section */
		2D97A9B121ADD3D10017FCC1 /* Sources */ = {
			isa = PBXSourcesBuildPhase;
			buildActionMask = 2147483647;
			files = (
				2D97A9BB21ADD3D10017FCC1 /* PhotoSelectionViewController.swift in Sources */,
				2D97A9B921ADD3D10017FCC1 /* AppDelegate.swift in Sources */,
				2D97A9C121ADD3D10017FCC1 /* Photo_Library_and_Camera.xcdatamodeld in Sources */,
			);
			runOnlyForDeploymentPostprocessing = 0;
		};
		2D97A9C821ADD3D20017FCC1 /* Sources */ = {
			isa = PBXSourcesBuildPhase;
			buildActionMask = 2147483647;
			files = (
				2D97A9D121ADD3D20017FCC1 /* Photo_Library_and_CameraTests.swift in Sources */,
			);
			runOnlyForDeploymentPostprocessing = 0;
		};
		2D97A9D321ADD3D20017FCC1 /* Sources */ = {
			isa = PBXSourcesBuildPhase;
			buildActionMask = 2147483647;
			files = (
				2D97A9DC21ADD3D20017FCC1 /* Photo_Library_and_CameraUITests.swift in Sources */,
			);
			runOnlyForDeploymentPostprocessing = 0;
		};
/* End PBXSourcesBuildPhase section */

/* Begin PBXTargetDependency section */
		2D97A9CE21ADD3D20017FCC1 /* PBXTargetDependency */ = {
			isa = PBXTargetDependency;
			target = 2D97A9B421ADD3D10017FCC1 /* Photo Library and Camera */;
			targetProxy = 2D97A9CD21ADD3D20017FCC1 /* PBXContainerItemProxy */;
		};
		2D97A9D921ADD3D20017FCC1 /* PBXTargetDependency */ = {
			isa = PBXTargetDependency;
			target = 2D97A9B421ADD3D10017FCC1 /* Photo Library and Camera */;
			targetProxy = 2D97A9D821ADD3D20017FCC1 /* PBXContainerItemProxy */;
		};
/* End PBXTargetDependency section */

/* Begin PBXVariantGroup section */
		2D97A9BC21ADD3D10017FCC1 /* Main.storyboard */ = {
			isa = PBXVariantGroup;
			children = (
				2D97A9BD21ADD3D10017FCC1 /* Base */,
			);
			name = Main.storyboard;
			sourceTree = "<group>";
		};
		2D97A9C421ADD3D20017FCC1 /* LaunchScreen.storyboard */ = {
			isa = PBXVariantGroup;
			children = (
				2D97A9C521ADD3D20017FCC1 /* Base */,
			);
			name = LaunchScreen.storyboard;
			sourceTree = "<group>";
		};
/* End PBXVariantGroup section */

/* Begin XCBuildConfiguration section */
		2D97A9DE21ADD3D20017FCC1 /* Debug */ = {
			isa = XCBuildConfiguration;
			buildSettings = {
				ALWAYS_SEARCH_USER_PATHS = NO;
				CLANG_ANALYZER_NONNULL = YES;
				CLANG_ANALYZER_NUMBER_OBJECT_CONVERSION = YES_AGGRESSIVE;
				CLANG_CXX_LANGUAGE_STANDARD = "gnu++14";
				CLANG_CXX_LIBRARY = "libc++";
				CLANG_ENABLE_MODULES = YES;
				CLANG_ENABLE_OBJC_ARC = YES;
				CLANG_ENABLE_OBJC_WEAK = YES;
				CLANG_WARN_BLOCK_CAPTURE_AUTORELEASING = YES;
				CLANG_WARN_BOOL_CONVERSION = YES;
				CLANG_WARN_COMMA = YES;
				CLANG_WARN_CONSTANT_CONVERSION = YES;
				CLANG_WARN_DEPRECATED_OBJC_IMPLEMENTATIONS = YES;
				CLANG_WARN_DIRECT_OBJC_ISA_USAGE = YES_ERROR;
				CLANG_WARN_DOCUMENTATION_COMMENTS = YES;
				CLANG_WARN_EMPTY_BODY = YES;
				CLANG_WARN_ENUM_CONVERSION = YES;
				CLANG_WARN_INFINITE_RECURSION = YES;
				CLANG_WARN_INT_CONVERSION = YES;
				CLANG_WARN_NON_LITERAL_NULL_CONVERSION = YES;
				CLANG_WARN_OBJC_IMPLICIT_RETAIN_SELF = YES;
				CLANG_WARN_OBJC_LITERAL_CONVERSION = YES;
				CLANG_WARN_OBJC_ROOT_CLASS = YES_ERROR;
				CLANG_WARN_RANGE_LOOP_ANALYSIS = YES;
				CLANG_WARN_STRICT_PROTOTYPES = YES;
				CLANG_WARN_SUSPICIOUS_MOVE = YES;
				CLANG_WARN_UNGUARDED_AVAILABILITY = YES_AGGRESSIVE;
				CLANG_WARN_UNREACHABLE_CODE = YES;
				CLANG_WARN__DUPLICATE_METHOD_MATCH = YES;
				CODE_SIGN_IDENTITY = "iPhone Developer";
				COPY_PHASE_STRIP = NO;
				DEBUG_INFORMATION_FORMAT = dwarf;
				ENABLE_STRICT_OBJC_MSGSEND = YES;
				ENABLE_TESTABILITY = YES;
				GCC_C_LANGUAGE_STANDARD = gnu11;
				GCC_DYNAMIC_NO_PIC = NO;
				GCC_NO_COMMON_BLOCKS = YES;
				GCC_OPTIMIZATION_LEVEL = 0;
				GCC_PREPROCESSOR_DEFINITIONS = (
					"DEBUG=1",
					"$(inherited)",
				);
				GCC_WARN_64_TO_32_BIT_CONVERSION = YES;
				GCC_WARN_ABOUT_RETURN_TYPE = YES_ERROR;
				GCC_WARN_UNDECLARED_SELECTOR = YES;
				GCC_WARN_UNINITIALIZED_AUTOS = YES_AGGRESSIVE;
				GCC_WARN_UNUSED_FUNCTION = YES;
				GCC_WARN_UNUSED_VARIABLE = YES;
				IPHONEOS_DEPLOYMENT_TARGET = 12.1;
				MTL_ENABLE_DEBUG_INFO = INCLUDE_SOURCE;
				MTL_FAST_MATH = YES;
				ONLY_ACTIVE_ARCH = YES;
				SDKROOT = iphoneos;
				SWIFT_ACTIVE_COMPILATION_CONDITIONS = DEBUG;
				SWIFT_OPTIMIZATION_LEVEL = "-Onone";
			};
			name = Debug;
		};
		2D97A9DF21ADD3D20017FCC1 /* Release */ = {
			isa = XCBuildConfiguration;
			buildSettings = {
				ALWAYS_SEARCH_USER_PATHS = NO;
				CLANG_ANALYZER_NONNULL = YES;
				CLANG_ANALYZER_NUMBER_OBJECT_CONVERSION = YES_AGGRESSIVE;
				CLANG_CXX_LANGUAGE_STANDARD = "gnu++14";
				CLANG_CXX_LIBRARY = "libc++";
				CLANG_ENABLE_MODULES = YES;
				CLANG_ENABLE_OBJC_ARC = YES;
				CLANG_ENABLE_OBJC_WEAK = YES;
				CLANG_WARN_BLOCK_CAPTURE_AUTORELEASING = YES;
				CLANG_WARN_BOOL_CONVERSION = YES;
				CLANG_WARN_COMMA = YES;
				CLANG_WARN_CONSTANT_CONVERSION = YES;
				CLANG_WARN_DEPRECATED_OBJC_IMPLEMENTATIONS = YES;
				CLANG_WARN_DIRECT_OBJC_ISA_USAGE = YES_ERROR;
				CLANG_WARN_DOCUMENTATION_COMMENTS = YES;
				CLANG_WARN_EMPTY_BODY = YES;
				CLANG_WARN_ENUM_CONVERSION = YES;
				CLANG_WARN_INFINITE_RECURSION = YES;
				CLANG_WARN_INT_CONVERSION = YES;
				CLANG_WARN_NON_LITERAL_NULL_CONVERSION = YES;
				CLANG_WARN_OBJC_IMPLICIT_RETAIN_SELF = YES;
				CLANG_WARN_OBJC_LITERAL_CONVERSION = YES;
				CLANG_WARN_OBJC_ROOT_CLASS = YES_ERROR;
				CLANG_WARN_RANGE_LOOP_ANALYSIS = YES;
				CLANG_WARN_STRICT_PROTOTYPES = YES;
				CLANG_WARN_SUSPICIOUS_MOVE = YES;
				CLANG_WARN_UNGUARDED_AVAILABILITY = YES_AGGRESSIVE;
				CLANG_WARN_UNREACHABLE_CODE = YES;
				CLANG_WARN__DUPLICATE_METHOD_MATCH = YES;
				CODE_SIGN_IDENTITY = "iPhone Developer";
				COPY_PHASE_STRIP = NO;
				DEBUG_INFORMATION_FORMAT = "dwarf-with-dsym";
				ENABLE_NS_ASSERTIONS = NO;
				ENABLE_STRICT_OBJC_MSGSEND = YES;
				GCC_C_LANGUAGE_STANDARD = gnu11;
				GCC_NO_COMMON_BLOCKS = YES;
				GCC_WARN_64_TO_32_BIT_CONVERSION = YES;
				GCC_WARN_ABOUT_RETURN_TYPE = YES_ERROR;
				GCC_WARN_UNDECLARED_SELECTOR = YES;
				GCC_WARN_UNINITIALIZED_AUTOS = YES_AGGRESSIVE;
				GCC_WARN_UNUSED_FUNCTION = YES;
				GCC_WARN_UNUSED_VARIABLE = YES;
				IPHONEOS_DEPLOYMENT_TARGET = 12.1;
				MTL_ENABLE_DEBUG_INFO = NO;
				MTL_FAST_MATH = YES;
				SDKROOT = iphoneos;
				SWIFT_COMPILATION_MODE = wholemodule;
				SWIFT_OPTIMIZATION_LEVEL = "-O";
				VALIDATE_PRODUCT = YES;
			};
			name = Release;
		};
		2D97A9E121ADD3D20017FCC1 /* Debug */ = {
			isa = XCBuildConfiguration;
			buildSettings = {
				ASSETCATALOG_COMPILER_APPICON_NAME = AppIcon;
				CODE_SIGN_STYLE = Automatic;
				DEVELOPMENT_TEAM = YDM8336QES;
				INFOPLIST_FILE = "Photo Library and Camera/Info.plist";
				LD_RUNPATH_SEARCH_PATHS = (
					"$(inherited)",
					"@executable_path/Frameworks",
				);
				PRODUCT_BUNDLE_IDENTIFIER = "online.techinnovator.Photo-Library-and-Camera";
				PRODUCT_NAME = "$(TARGET_NAME)";
				SWIFT_VERSION = 4.2;
				TARGETED_DEVICE_FAMILY = "1,2";
			};
			name = Debug;
		};
		2D97A9E221ADD3D20017FCC1 /* Release */ = {
			isa = XCBuildConfiguration;
			buildSettings = {
				ASSETCATALOG_COMPILER_APPICON_NAME = AppIcon;
				CODE_SIGN_STYLE = Automatic;
				DEVELOPMENT_TEAM = YDM8336QES;
				INFOPLIST_FILE = "Photo Library and Camera/Info.plist";
				LD_RUNPATH_SEARCH_PATHS = (
					"$(inherited)",
					"@executable_path/Frameworks",
				);
				PRODUCT_BUNDLE_IDENTIFIER = "online.techinnovator.Photo-Library-and-Camera";
				PRODUCT_NAME = "$(TARGET_NAME)";
				SWIFT_VERSION = 4.2;
				TARGETED_DEVICE_FAMILY = "1,2";
			};
			name = Release;
		};
		2D97A9E421ADD3D20017FCC1 /* Debug */ = {
			isa = XCBuildConfiguration;
			buildSettings = {
				ALWAYS_EMBED_SWIFT_STANDARD_LIBRARIES = YES;
				BUNDLE_LOADER = "$(TEST_HOST)";
				CODE_SIGN_STYLE = Automatic;
				DEVELOPMENT_TEAM = YDM8336QES;
				INFOPLIST_FILE = "Photo Library and CameraTests/Info.plist";
				LD_RUNPATH_SEARCH_PATHS = (
					"$(inherited)",
					"@executable_path/Frameworks",
					"@loader_path/Frameworks",
				);
				PRODUCT_BUNDLE_IDENTIFIER = "online.techinnovator.Photo-Library-and-CameraTests";
				PRODUCT_NAME = "$(TARGET_NAME)";
				SWIFT_VERSION = 4.2;
				TARGETED_DEVICE_FAMILY = "1,2";
				TEST_HOST = "$(BUILT_PRODUCTS_DIR)/Photo Library and Camera.app/Photo Library and Camera";
			};
			name = Debug;
		};
		2D97A9E521ADD3D20017FCC1 /* Release */ = {
			isa = XCBuildConfiguration;
			buildSettings = {
				ALWAYS_EMBED_SWIFT_STANDARD_LIBRARIES = YES;
				BUNDLE_LOADER = "$(TEST_HOST)";
				CODE_SIGN_STYLE = Automatic;
				DEVELOPMENT_TEAM = YDM8336QES;
				INFOPLIST_FILE = "Photo Library and CameraTests/Info.plist";
				LD_RUNPATH_SEARCH_PATHS = (
					"$(inherited)",
					"@executable_path/Frameworks",
					"@loader_path/Frameworks",
				);
				PRODUCT_BUNDLE_IDENTIFIER = "online.techinnovator.Photo-Library-and-CameraTests";
				PRODUCT_NAME = "$(TARGET_NAME)";
				SWIFT_VERSION = 4.2;
				TARGETED_DEVICE_FAMILY = "1,2";
				TEST_HOST = "$(BUILT_PRODUCTS_DIR)/Photo Library and Camera.app/Photo Library and Camera";
			};
			name = Release;
		};
		2D97A9E721ADD3D20017FCC1 /* Debug */ = {
			isa = XCBuildConfiguration;
			buildSettings = {
				ALWAYS_EMBED_SWIFT_STANDARD_LIBRARIES = YES;
				CODE_SIGN_STYLE = Automatic;
				DEVELOPMENT_TEAM = YDM8336QES;
				INFOPLIST_FILE = "Photo Library and CameraUITests/Info.plist";
				LD_RUNPATH_SEARCH_PATHS = (
					"$(inherited)",
					"@executable_path/Frameworks",
					"@loader_path/Frameworks",
				);
				PRODUCT_BUNDLE_IDENTIFIER = "online.techinnovator.Photo-Library-and-CameraUITests";
				PRODUCT_NAME = "$(TARGET_NAME)";
				SWIFT_VERSION = 4.2;
				TARGETED_DEVICE_FAMILY = "1,2";
				TEST_TARGET_NAME = "Photo Library and Camera";
			};
			name = Debug;
		};
		2D97A9E821ADD3D20017FCC1 /* Release */ = {
			isa = XCBuildConfiguration;
			buildSettings = {
				ALWAYS_EMBED_SWIFT_STANDARD_LIBRARIES = YES;
				CODE_SIGN_STYLE = Automatic;
				DEVELOPMENT_TEAM = YDM8336QES;
				INFOPLIST_FILE = "Photo Library and CameraUITests/Info.plist";
				LD_RUNPATH_SEARCH_PATHS = (
					"$(inherited)",
					"@executable_path/Frameworks",
					"@loader_path/Frameworks",
				);
				PRODUCT_BUNDLE_IDENTIFIER = "online.techinnovator.Photo-Library-and-CameraUITests";
				PRODUCT_NAME = "$(TARGET_NAME)";
				SWIFT_VERSION = 4.2;
				TARGETED_DEVICE_FAMILY = "1,2";
				TEST_TARGET_NAME = "Photo Library and Camera";
			};
			name = Release;
		};
/* End XCBuildConfiguration section */

/* Begin XCConfigurationList section */
		2D97A9B021ADD3D10017FCC1 /* Build configuration list for PBXProject "Photo Library and Camera" */ = {
			isa = XCConfigurationList;
			buildConfigurations = (
				2D97A9DE21ADD3D20017FCC1 /* Debug */,
				2D97A9DF21ADD3D20017FCC1 /* Release */,
			);
			defaultConfigurationIsVisible = 0;
			defaultConfigurationName = Release;
		};
		2D97A9E021ADD3D20017FCC1 /* Build configuration list for PBXNativeTarget "Photo Library and Camera" */ = {
			isa = XCConfigurationList;
			buildConfigurations = (
				2D97A9E121ADD3D20017FCC1 /* Debug */,
				2D97A9E221ADD3D20017FCC1 /* Release */,
			);
			defaultConfigurationIsVisible = 0;
			defaultConfigurationName = Release;
		};
		2D97A9E321ADD3D20017FCC1 /* Build configuration list for PBXNativeTarget "Photo Library and CameraTests" */ = {
			isa = XCConfigurationList;
			buildConfigurations = (
				2D97A9E421ADD3D20017FCC1 /* Debug */,
				2D97A9E521ADD3D20017FCC1 /* Release */,
			);
			defaultConfigurationIsVisible = 0;
			defaultConfigurationName = Release;
		};
		2D97A9E621ADD3D20017FCC1 /* Build configuration list for PBXNativeTarget "Photo Library and CameraUITests" */ = {
			isa = XCConfigurationList;
			buildConfigurations = (
				2D97A9E721ADD3D20017FCC1 /* Debug */,
				2D97A9E821ADD3D20017FCC1 /* Release */,
			);
			defaultConfigurationIsVisible = 0;
			defaultConfigurationName = Release;
		};
/* End XCConfigurationList section */

/* Begin XCVersionGroup section */
		2D97A9BF21ADD3D10017FCC1 /* Photo_Library_and_Camera.xcdatamodeld */ = {
			isa = XCVersionGroup;
			children = (
				2D97A9C021ADD3D10017FCC1 /* Photo_Library_and_Camera.xcdatamodel */,
			);
			currentVersion = 2D97A9C021ADD3D10017FCC1 /* Photo_Library_and_Camera.xcdatamodel */;
			path = Photo_Library_and_Camera.xcdatamodeld;
			sourceTree = "<group>";
			versionGroupType = wrapper.xcdatamodel;
		};
/* End XCVersionGroup section */
	};
	rootObject = 2D97A9AD21ADD3D10017FCC1 /* Project object */;
}
