// !$*UTF8*$!
{
	archiveVersion = 1;
	classes = {
	};
	objectVersion = 50;
	objects = {

/* Begin PBXBuildFile section */
		FB200061218B731400F9E903 /* AppDelegate.swift in Sources */ = {isa = PBXBuildFile; fileRef = FB200060218B731400F9E903 /* AppDelegate.swift */; };
		FB200066218B731400F9E903 /* Main.storyboard in Resources */ = {isa = PBXBuildFile; fileRef = FB200064218B731400F9E903 /* Main.storyboard */; };
		FB200069218B731400F9E903 /* photoAccess.xcdatamodeld in Sources */ = {isa = PBXBuildFile; fileRef = FB200067218B731400F9E903 /* photoAccess.xcdatamodeld */; };
		FB20006B218B731500F9E903 /* Assets.xcassets in Resources */ = {isa = PBXBuildFile; fileRef = FB20006A218B731500F9E903 /* Assets.xcassets */; };
		FB20006E218B731500F9E903 /* LaunchScreen.storyboard in Resources */ = {isa = PBXBuildFile; fileRef = FB20006C218B731500F9E903 /* LaunchScreen.storyboard */; };
		FB200079218B731500F9E903 /* photoAccessTests.swift in Sources */ = {isa = PBXBuildFile; fileRef = FB200078218B731500F9E903 /* photoAccessTests.swift */; };
		FB200084218B731500F9E903 /* photoAccessUITests.swift in Sources */ = {isa = PBXBuildFile; fileRef = FB200083218B731500F9E903 /* photoAccessUITests.swift */; };
		FB200092218B734300F9E903 /* PhotoViewController.swift in Sources */ = {isa = PBXBuildFile; fileRef = FB200091218B734300F9E903 /* PhotoViewController.swift */; };
/* End PBXBuildFile section */

/* Begin PBXContainerItemProxy section */
		FB200075218B731500F9E903 /* PBXContainerItemProxy */ = {
			isa = PBXContainerItemProxy;
			containerPortal = FB200055218B731400F9E903 /* Project object */;
			proxyType = 1;
			remoteGlobalIDString = FB20005C218B731400F9E903;
			remoteInfo = photoAccess;
		};
		FB200080218B731500F9E903 /* PBXContainerItemProxy */ = {
			isa = PBXContainerItemProxy;
			containerPortal = FB200055218B731400F9E903 /* Project object */;
			proxyType = 1;
			remoteGlobalIDString = FB20005C218B731400F9E903;
			remoteInfo = photoAccess;
		};
/* End PBXContainerItemProxy section */

/* Begin PBXFileReference section */
		FB20005D218B731400F9E903 /* photoAccess.app */ = {isa = PBXFileReference; explicitFileType = wrapper.application; includeInIndex = 0; path = photoAccess.app; sourceTree = BUILT_PRODUCTS_DIR; };
		FB200060218B731400F9E903 /* AppDelegate.swift */ = {isa = PBXFileReference; lastKnownFileType = sourcecode.swift; path = AppDelegate.swift; sourceTree = "<group>"; };
		FB200065218B731400F9E903 /* Base */ = {isa = PBXFileReference; lastKnownFileType = file.storyboard; name = Base; path = Base.lproj/Main.storyboard; sourceTree = "<group>"; };
		FB200068218B731400F9E903 /* photoAccess.xcdatamodel */ = {isa = PBXFileReference; lastKnownFileType = wrapper.xcdatamodel; path = photoAccess.xcdatamodel; sourceTree = "<group>"; };
		FB20006A218B731500F9E903 /* Assets.xcassets */ = {isa = PBXFileReference; lastKnownFileType = folder.assetcatalog; path = Assets.xcassets; sourceTree = "<group>"; };
		FB20006D218B731500F9E903 /* Base */ = {isa = PBXFileReference; lastKnownFileType = file.storyboard; name = Base; path = Base.lproj/LaunchScreen.storyboard; sourceTree = "<group>"; };
		FB20006F218B731500F9E903 /* Info.plist */ = {isa = PBXFileReference; lastKnownFileType = text.plist.xml; path = Info.plist; sourceTree = "<group>"; };
		FB200074218B731500F9E903 /* photoAccessTests.xctest */ = {isa = PBXFileReference; explicitFileType = wrapper.cfbundle; includeInIndex = 0; path = photoAccessTests.xctest; sourceTree = BUILT_PRODUCTS_DIR; };
		FB200078218B731500F9E903 /* photoAccessTests.swift */ = {isa = PBXFileReference; lastKnownFileType = sourcecode.swift; path = photoAccessTests.swift; sourceTree = "<group>"; };
		FB20007A218B731500F9E903 /* Info.plist */ = {isa = PBXFileReference; lastKnownFileType = text.plist.xml; path = Info.plist; sourceTree = "<group>"; };
		FB20007F218B731500F9E903 /* photoAccessUITests.xctest */ = {isa = PBXFileReference; explicitFileType = wrapper.cfbundle; includeInIndex = 0; path = photoAccessUITests.xctest; sourceTree = BUILT_PRODUCTS_DIR; };
		FB200083218B731500F9E903 /* photoAccessUITests.swift */ = {isa = PBXFileReference; lastKnownFileType = sourcecode.swift; path = photoAccessUITests.swift; sourceTree = "<group>"; };
		FB200085218B731500F9E903 /* Info.plist */ = {isa = PBXFileReference; lastKnownFileType = text.plist.xml; path = Info.plist; sourceTree = "<group>"; };
		FB200091218B734300F9E903 /* PhotoViewController.swift */ = {isa = PBXFileReference; lastKnownFileType = sourcecode.swift; path = PhotoViewController.swift; sourceTree = "<group>"; };
/* End PBXFileReference section */

/* Begin PBXFrameworksBuildPhase section */
		FB20005A218B731400F9E903 /* Frameworks */ = {
			isa = PBXFrameworksBuildPhase;
			buildActionMask = 2147483647;
			files = (
			);
			runOnlyForDeploymentPostprocessing = 0;
		};
		FB200071218B731500F9E903 /* Frameworks */ = {
			isa = PBXFrameworksBuildPhase;
			buildActionMask = 2147483647;
			files = (
			);
			runOnlyForDeploymentPostprocessing = 0;
		};
		FB20007C218B731500F9E903 /* Frameworks */ = {
			isa = PBXFrameworksBuildPhase;
			buildActionMask = 2147483647;
			files = (
			);
			runOnlyForDeploymentPostprocessing = 0;
		};
/* End PBXFrameworksBuildPhase section */

/* Begin PBXGroup section */
		FB200054218B731400F9E903 = {
			isa = PBXGroup;
			children = (
				FB20005F218B731400F9E903 /* photoAccess */,
				FB200077218B731500F9E903 /* photoAccessTests */,
				FB200082218B731500F9E903 /* photoAccessUITests */,
				FB20005E218B731400F9E903 /* Products */,
			);
			sourceTree = "<group>";
		};
		FB20005E218B731400F9E903 /* Products */ = {
			isa = PBXGroup;
			children = (
				FB20005D218B731400F9E903 /* photoAccess.app */,
				FB200074218B731500F9E903 /* photoAccessTests.xctest */,
				FB20007F218B731500F9E903 /* photoAccessUITests.xctest */,
			);
			name = Products;
			sourceTree = "<group>";
		};
		FB20005F218B731400F9E903 /* photoAccess */ = {
			isa = PBXGroup;
			children = (
				FB200060218B731400F9E903 /* AppDelegate.swift */,
				FB200064218B731400F9E903 /* Main.storyboard */,
				FB20006A218B731500F9E903 /* Assets.xcassets */,
				FB20006C218B731500F9E903 /* LaunchScreen.storyboard */,
				FB20006F218B731500F9E903 /* Info.plist */,
				FB200067218B731400F9E903 /* photoAccess.xcdatamodeld */,
				FB200091218B734300F9E903 /* PhotoViewController.swift */,
			);
			path = photoAccess;
			sourceTree = "<group>";
		};
		FB200077218B731500F9E903 /* photoAccessTests */ = {
			isa = PBXGroup;
			children = (
				FB200078218B731500F9E903 /* photoAccessTests.swift */,
				FB20007A218B731500F9E903 /* Info.plist */,
			);
			path = photoAccessTests;
			sourceTree = "<group>";
		};
		FB200082218B731500F9E903 /* photoAccessUITests */ = {
			isa = PBXGroup;
			children = (
				FB200083218B731500F9E903 /* photoAccessUITests.swift */,
				FB200085218B731500F9E903 /* Info.plist */,
			);
			path = photoAccessUITests;
			sourceTree = "<group>";
		};
/* End PBXGroup section */

/* Begin PBXNativeTarget section */
		FB20005C218B731400F9E903 /* photoAccess */ = {
			isa = PBXNativeTarget;
			buildConfigurationList = FB200088218B731500F9E903 /* Build configuration list for PBXNativeTarget "photoAccess" */;
			buildPhases = (
				FB200059218B731400F9E903 /* Sources */,
				FB20005A218B731400F9E903 /* Frameworks */,
				FB20005B218B731400F9E903 /* Resources */,
			);
			buildRules = (
			);
			dependencies = (
			);
			name = photoAccess;
			productName = photoAccess;
			productReference = FB20005D218B731400F9E903 /* photoAccess.app */;
			productType = "com.apple.product-type.application";
		};
		FB200073218B731500F9E903 /* photoAccessTests */ = {
			isa = PBXNativeTarget;
			buildConfigurationList = FB20008B218B731500F9E903 /* Build configuration list for PBXNativeTarget "photoAccessTests" */;
			buildPhases = (
				FB200070218B731500F9E903 /* Sources */,
				FB200071218B731500F9E903 /* Frameworks */,
				FB200072218B731500F9E903 /* Resources */,
			);
			buildRules = (
			);
			dependencies = (
				FB200076218B731500F9E903 /* PBXTargetDependency */,
			);
			name = photoAccessTests;
			productName = photoAccessTests;
			productReference = FB200074218B731500F9E903 /* photoAccessTests.xctest */;
			productType = "com.apple.product-type.bundle.unit-test";
		};
		FB20007E218B731500F9E903 /* photoAccessUITests */ = {
			isa = PBXNativeTarget;
			buildConfigurationList = FB20008E218B731500F9E903 /* Build configuration list for PBXNativeTarget "photoAccessUITests" */;
			buildPhases = (
				FB20007B218B731500F9E903 /* Sources */,
				FB20007C218B731500F9E903 /* Frameworks */,
				FB20007D218B731500F9E903 /* Resources */,
			);
			buildRules = (
			);
			dependencies = (
				FB200081218B731500F9E903 /* PBXTargetDependency */,
			);
			name = photoAccessUITests;
			productName = photoAccessUITests;
			productReference = FB20007F218B731500F9E903 /* photoAccessUITests.xctest */;
			productType = "com.apple.product-type.bundle.ui-testing";
		};
/* End PBXNativeTarget section */

/* Begin PBXProject section */
		FB200055218B731400F9E903 /* Project object */ = {
			isa = PBXProject;
			attributes = {
				LastSwiftUpdateCheck = 1010;
				LastUpgradeCheck = 1010;
				ORGANIZATIONNAME = "Roger Kiew";
				TargetAttributes = {
					FB20005C218B731400F9E903 = {
						CreatedOnToolsVersion = 10.1;
					};
					FB200073218B731500F9E903 = {
						CreatedOnToolsVersion = 10.1;
						TestTargetID = FB20005C218B731400F9E903;
					};
					FB20007E218B731500F9E903 = {
						CreatedOnToolsVersion = 10.1;
						TestTargetID = FB20005C218B731400F9E903;
					};
				};
			};
			buildConfigurationList = FB200058218B731400F9E903 /* Build configuration list for PBXProject "photoAccess" */;
			compatibilityVersion = "Xcode 9.3";
			developmentRegion = en;
			hasScannedForEncodings = 0;
			knownRegions = (
				en,
				Base,
			);
			mainGroup = FB200054218B731400F9E903;
			productRefGroup = FB20005E218B731400F9E903 /* Products */;
			projectDirPath = "";
			projectRoot = "";
			targets = (
				FB20005C218B731400F9E903 /* photoAccess */,
				FB200073218B731500F9E903 /* photoAccessTests */,
				FB20007E218B731500F9E903 /* photoAccessUITests */,
			);
		};
/* End PBXProject section */

/* Begin PBXResourcesBuildPhase section */
		FB20005B218B731400F9E903 /* Resources */ = {
			isa = PBXResourcesBuildPhase;
			buildActionMask = 2147483647;
			files = (
				FB20006E218B731500F9E903 /* LaunchScreen.storyboard in Resources */,
				FB20006B218B731500F9E903 /* Assets.xcassets in Resources */,
				FB200066218B731400F9E903 /* Main.storyboard in Resources */,
			);
			runOnlyForDeploymentPostprocessing = 0;
		};
		FB200072218B731500F9E903 /* Resources */ = {
			isa = PBXResourcesBuildPhase;
			buildActionMask = 2147483647;
			files = (
			);
			runOnlyForDeploymentPostprocessing = 0;
		};
		FB20007D218B731500F9E903 /* Resources */ = {
			isa = PBXResourcesBuildPhase;
			buildActionMask = 2147483647;
			files = (
			);
			runOnlyForDeploymentPostprocessing = 0;
		};
/* End PBXResourcesBuildPhase section */

/* Begin PBXSourcesBuildPhase section */
		FB200059218B731400F9E903 /* Sources */ = {
			isa = PBXSourcesBuildPhase;
			buildActionMask = 2147483647;
			files = (
				FB200069218B731400F9E903 /* photoAccess.xcdatamodeld in Sources */,
				FB200061218B731400F9E903 /* AppDelegate.swift in Sources */,
				FB200092218B734300F9E903 /* PhotoViewController.swift in Sources */,
			);
			runOnlyForDeploymentPostprocessing = 0;
		};
		FB200070218B731500F9E903 /* Sources */ = {
			isa = PBXSourcesBuildPhase;
			buildActionMask = 2147483647;
			files = (
				FB200079218B731500F9E903 /* photoAccessTests.swift in Sources */,
			);
			runOnlyForDeploymentPostprocessing = 0;
		};
		FB20007B218B731500F9E903 /* Sources */ = {
			isa = PBXSourcesBuildPhase;
			buildActionMask = 2147483647;
			files = (
				FB200084218B731500F9E903 /* photoAccessUITests.swift in Sources */,
			);
			runOnlyForDeploymentPostprocessing = 0;
		};
/* End PBXSourcesBuildPhase section */

/* Begin PBXTargetDependency section */
		FB200076218B731500F9E903 /* PBXTargetDependency */ = {
			isa = PBXTargetDependency;
			target = FB20005C218B731400F9E903 /* photoAccess */;
			targetProxy = FB200075218B731500F9E903 /* PBXContainerItemProxy */;
		};
		FB200081218B731500F9E903 /* PBXTargetDependency */ = {
			isa = PBXTargetDependency;
			target = FB20005C218B731400F9E903 /* photoAccess */;
			targetProxy = FB200080218B731500F9E903 /* PBXContainerItemProxy */;
		};
/* End PBXTargetDependency section */

/* Begin PBXVariantGroup section */
		FB200064218B731400F9E903 /* Main.storyboard */ = {
			isa = PBXVariantGroup;
			children = (
				FB200065218B731400F9E903 /* Base */,
			);
			name = Main.storyboard;
			sourceTree = "<group>";
		};
		FB20006C218B731500F9E903 /* LaunchScreen.storyboard */ = {
			isa = PBXVariantGroup;
			children = (
				FB20006D218B731500F9E903 /* Base */,
			);
			name = LaunchScreen.storyboard;
			sourceTree = "<group>";
		};
/* End PBXVariantGroup section */

/* Begin XCBuildConfiguration section */
		FB200086218B731500F9E903 /* Debug */ = {
			isa = XCBuildConfiguration;
			buildSettings = {
				ALWAYS_SEARCH_USER_PATHS = NO;
				CLANG_ANALYZER_NONNULL = YES;
				CLANG_ANALYZER_NUMBER_OBJECT_CONVERSION = YES_AGGRESSIVE;
				CLANG_CXX_LANGUAGE_STANDARD = "gnu++14";
				CLANG_CXX_LIBRARY = "libc++";
				CLANG_ENABLE_MODULES = YES;
				CLANG_ENABLE_OBJC_ARC = YES;
				CLANG_ENABLE_OBJC_WEAK = YES;
				CLANG_WARN_BLOCK_CAPTURE_AUTORELEASING = YES;
				CLANG_WARN_BOOL_CONVERSION = YES;
				CLANG_WARN_COMMA = YES;
				CLANG_WARN_CONSTANT_CONVERSION = YES;
				CLANG_WARN_DEPRECATED_OBJC_IMPLEMENTATIONS = YES;
				CLANG_WARN_DIRECT_OBJC_ISA_USAGE = YES_ERROR;
				CLANG_WARN_DOCUMENTATION_COMMENTS = YES;
				CLANG_WARN_EMPTY_BODY = YES;
				CLANG_WARN_ENUM_CONVERSION = YES;
				CLANG_WARN_INFINITE_RECURSION = YES;
				CLANG_WARN_INT_CONVERSION = YES;
				CLANG_WARN_NON_LITERAL_NULL_CONVERSION = YES;
				CLANG_WARN_OBJC_IMPLICIT_RETAIN_SELF = YES;
				CLANG_WARN_OBJC_LITERAL_CONVERSION = YES;
				CLANG_WARN_OBJC_ROOT_CLASS = YES_ERROR;
				CLANG_WARN_RANGE_LOOP_ANALYSIS = YES;
				CLANG_WARN_STRICT_PROTOTYPES = YES;
				CLANG_WARN_SUSPICIOUS_MOVE = YES;
				CLANG_WARN_UNGUARDED_AVAILABILITY = YES_AGGRESSIVE;
				CLANG_WARN_UNREACHABLE_CODE = YES;
				CLANG_WARN__DUPLICATE_METHOD_MATCH = YES;
				CODE_SIGN_IDENTITY = "iPhone Developer";
				COPY_PHASE_STRIP = NO;
				DEBUG_INFORMATION_FORMAT = dwarf;
				ENABLE_STRICT_OBJC_MSGSEND = YES;
				ENABLE_TESTABILITY = YES;
				GCC_C_LANGUAGE_STANDARD = gnu11;
				GCC_DYNAMIC_NO_PIC = NO;
				GCC_NO_COMMON_BLOCKS = YES;
				GCC_OPTIMIZATION_LEVEL = 0;
				GCC_PREPROCESSOR_DEFINITIONS = (
					"DEBUG=1",
					"$(inherited)",
				);
				GCC_WARN_64_TO_32_BIT_CONVERSION = YES;
				GCC_WARN_ABOUT_RETURN_TYPE = YES_ERROR;
				GCC_WARN_UNDECLARED_SELECTOR = YES;
				GCC_WARN_UNINITIALIZED_AUTOS = YES_AGGRESSIVE;
				GCC_WARN_UNUSED_FUNCTION = YES;
				GCC_WARN_UNUSED_VARIABLE = YES;
				IPHONEOS_DEPLOYMENT_TARGET = 12.1;
				MTL_ENABLE_DEBUG_INFO = INCLUDE_SOURCE;
				MTL_FAST_MATH = YES;
				ONLY_ACTIVE_ARCH = YES;
				SDKROOT = iphoneos;
				SWIFT_ACTIVE_COMPILATION_CONDITIONS = DEBUG;
				SWIFT_OPTIMIZATION_LEVEL = "-Onone";
			};
			name = Debug;
		};
		FB200087218B731500F9E903 /* Release */ = {
			isa = XCBuildConfiguration;
			buildSettings = {
				ALWAYS_SEARCH_USER_PATHS = NO;
				CLANG_ANALYZER_NONNULL = YES;
				CLANG_ANALYZER_NUMBER_OBJECT_CONVERSION = YES_AGGRESSIVE;
				CLANG_CXX_LANGUAGE_STANDARD = "gnu++14";
				CLANG_CXX_LIBRARY = "libc++";
				CLANG_ENABLE_MODULES = YES;
				CLANG_ENABLE_OBJC_ARC = YES;
				CLANG_ENABLE_OBJC_WEAK = YES;
				CLANG_WARN_BLOCK_CAPTURE_AUTORELEASING = YES;
				CLANG_WARN_BOOL_CONVERSION = YES;
				CLANG_WARN_COMMA = YES;
				CLANG_WARN_CONSTANT_CONVERSION = YES;
				CLANG_WARN_DEPRECATED_OBJC_IMPLEMENTATIONS = YES;
				CLANG_WARN_DIRECT_OBJC_ISA_USAGE = YES_ERROR;
				CLANG_WARN_DOCUMENTATION_COMMENTS = YES;
				CLANG_WARN_EMPTY_BODY = YES;
				CLANG_WARN_ENUM_CONVERSION = YES;
				CLANG_WARN_INFINITE_RECURSION = YES;
				CLANG_WARN_INT_CONVERSION = YES;
				CLANG_WARN_NON_LITERAL_NULL_CONVERSION = YES;
				CLANG_WARN_OBJC_IMPLICIT_RETAIN_SELF = YES;
				CLANG_WARN_OBJC_LITERAL_CONVERSION = YES;
				CLANG_WARN_OBJC_ROOT_CLASS = YES_ERROR;
				CLANG_WARN_RANGE_LOOP_ANALYSIS = YES;
				CLANG_WARN_STRICT_PROTOTYPES = YES;
				CLANG_WARN_SUSPICIOUS_MOVE = YES;
				CLANG_WARN_UNGUARDED_AVAILABILITY = YES_AGGRESSIVE;
				CLANG_WARN_UNREACHABLE_CODE = YES;
				CLANG_WARN__DUPLICATE_METHOD_MATCH = YES;
				CODE_SIGN_IDENTITY = "iPhone Developer";
				COPY_PHASE_STRIP = NO;
				DEBUG_INFORMATION_FORMAT = "dwarf-with-dsym";
				ENABLE_NS_ASSERTIONS = NO;
				ENABLE_STRICT_OBJC_MSGSEND = YES;
				GCC_C_LANGUAGE_STANDARD = gnu11;
				GCC_NO_COMMON_BLOCKS = YES;
				GCC_WARN_64_TO_32_BIT_CONVERSION = YES;
				GCC_WARN_ABOUT_RETURN_TYPE = YES_ERROR;
				GCC_WARN_UNDECLARED_SELECTOR = YES;
				GCC_WARN_UNINITIALIZED_AUTOS = YES_AGGRESSIVE;
				GCC_WARN_UNUSED_FUNCTION = YES;
				GCC_WARN_UNUSED_VARIABLE = YES;
				IPHONEOS_DEPLOYMENT_TARGET = 12.1;
				MTL_ENABLE_DEBUG_INFO = NO;
				MTL_FAST_MATH = YES;
				SDKROOT = iphoneos;
				SWIFT_COMPILATION_MODE = wholemodule;
				SWIFT_OPTIMIZATION_LEVEL = "-O";
				VALIDATE_PRODUCT = YES;
			};
			name = Release;
		};
		FB200089218B731500F9E903 /* Debug */ = {
			isa = XCBuildConfiguration;
			buildSettings = {
				ASSETCATALOG_COMPILER_APPICON_NAME = AppIcon;
				CODE_SIGN_STYLE = Automatic;
				DEVELOPMENT_TEAM = L7ELMQ4PNW;
				INFOPLIST_FILE = photoAccess/Info.plist;
				LD_RUNPATH_SEARCH_PATHS = (
					"$(inherited)",
					"@executable_path/Frameworks",
				);
				PRODUCT_BUNDLE_IDENTIFIER = edu.missouri.photoAccess;
				PRODUCT_NAME = "$(TARGET_NAME)";
				SWIFT_VERSION = 4.2;
				TARGETED_DEVICE_FAMILY = "1,2";
			};
			name = Debug;
		};
		FB20008A218B731500F9E903 /* Release */ = {
			isa = XCBuildConfiguration;
			buildSettings = {
				ASSETCATALOG_COMPILER_APPICON_NAME = AppIcon;
				CODE_SIGN_STYLE = Automatic;
				DEVELOPMENT_TEAM = L7ELMQ4PNW;
				INFOPLIST_FILE = photoAccess/Info.plist;
				LD_RUNPATH_SEARCH_PATHS = (
					"$(inherited)",
					"@executable_path/Frameworks",
				);
				PRODUCT_BUNDLE_IDENTIFIER = edu.missouri.photoAccess;
				PRODUCT_NAME = "$(TARGET_NAME)";
				SWIFT_VERSION = 4.2;
				TARGETED_DEVICE_FAMILY = "1,2";
			};
			name = Release;
		};
		FB20008C218B731500F9E903 /* Debug */ = {
			isa = XCBuildConfiguration;
			buildSettings = {
				ALWAYS_EMBED_SWIFT_STANDARD_LIBRARIES = YES;
				BUNDLE_LOADER = "$(TEST_HOST)";
				CODE_SIGN_STYLE = Automatic;
				INFOPLIST_FILE = photoAccessTests/Info.plist;
				LD_RUNPATH_SEARCH_PATHS = (
					"$(inherited)",
					"@executable_path/Frameworks",
					"@loader_path/Frameworks",
				);
				PRODUCT_BUNDLE_IDENTIFIER = edu.missouri.photoAccessTests;
				PRODUCT_NAME = "$(TARGET_NAME)";
				SWIFT_VERSION = 4.2;
				TARGETED_DEVICE_FAMILY = "1,2";
				TEST_HOST = "$(BUILT_PRODUCTS_DIR)/photoAccess.app/photoAccess";
			};
			name = Debug;
		};
		FB20008D218B731500F9E903 /* Release */ = {
			isa = XCBuildConfiguration;
			buildSettings = {
				ALWAYS_EMBED_SWIFT_STANDARD_LIBRARIES = YES;
				BUNDLE_LOADER = "$(TEST_HOST)";
				CODE_SIGN_STYLE = Automatic;
				INFOPLIST_FILE = photoAccessTests/Info.plist;
				LD_RUNPATH_SEARCH_PATHS = (
					"$(inherited)",
					"@executable_path/Frameworks",
					"@loader_path/Frameworks",
				);
				PRODUCT_BUNDLE_IDENTIFIER = edu.missouri.photoAccessTests;
				PRODUCT_NAME = "$(TARGET_NAME)";
				SWIFT_VERSION = 4.2;
				TARGETED_DEVICE_FAMILY = "1,2";
				TEST_HOST = "$(BUILT_PRODUCTS_DIR)/photoAccess.app/photoAccess";
			};
			name = Release;
		};
		FB20008F218B731500F9E903 /* Debug */ = {
			isa = XCBuildConfiguration;
			buildSettings = {
				ALWAYS_EMBED_SWIFT_STANDARD_LIBRARIES = YES;
				CODE_SIGN_STYLE = Automatic;
				INFOPLIST_FILE = photoAccessUITests/Info.plist;
				LD_RUNPATH_SEARCH_PATHS = (
					"$(inherited)",
					"@executable_path/Frameworks",
					"@loader_path/Frameworks",
				);
				PRODUCT_BUNDLE_IDENTIFIER = edu.missouri.photoAccessUITests;
				PRODUCT_NAME = "$(TARGET_NAME)";
				SWIFT_VERSION = 4.2;
				TARGETED_DEVICE_FAMILY = "1,2";
				TEST_TARGET_NAME = photoAccess;
			};
			name = Debug;
		};
		FB200090218B731500F9E903 /* Release */ = {
			isa = XCBuildConfiguration;
			buildSettings = {
				ALWAYS_EMBED_SWIFT_STANDARD_LIBRARIES = YES;
				CODE_SIGN_STYLE = Automatic;
				INFOPLIST_FILE = photoAccessUITests/Info.plist;
				LD_RUNPATH_SEARCH_PATHS = (
					"$(inherited)",
					"@executable_path/Frameworks",
					"@loader_path/Frameworks",
				);
				PRODUCT_BUNDLE_IDENTIFIER = edu.missouri.photoAccessUITests;
				PRODUCT_NAME = "$(TARGET_NAME)";
				SWIFT_VERSION = 4.2;
				TARGETED_DEVICE_FAMILY = "1,2";
				TEST_TARGET_NAME = photoAccess;
			};
			name = Release;
		};
/* End XCBuildConfiguration section */

/* Begin XCConfigurationList section */
		FB200058218B731400F9E903 /* Build configuration list for PBXProject "photoAccess" */ = {
			isa = XCConfigurationList;
			buildConfigurations = (
				FB200086218B731500F9E903 /* Debug */,
				FB200087218B731500F9E903 /* Release */,
			);
			defaultConfigurationIsVisible = 0;
			defaultConfigurationName = Release;
		};
		FB200088218B731500F9E903 /* Build configuration list for PBXNativeTarget "photoAccess" */ = {
			isa = XCConfigurationList;
			buildConfigurations = (
				FB200089218B731500F9E903 /* Debug */,
				FB20008A218B731500F9E903 /* Release */,
			);
			defaultConfigurationIsVisible = 0;
			defaultConfigurationName = Release;
		};
		FB20008B218B731500F9E903 /* Build configuration list for PBXNativeTarget "photoAccessTests" */ = {
			isa = XCConfigurationList;
			buildConfigurations = (
				FB20008C218B731500F9E903 /* Debug */,
				FB20008D218B731500F9E903 /* Release */,
			);
			defaultConfigurationIsVisible = 0;
			defaultConfigurationName = Release;
		};
		FB20008E218B731500F9E903 /* Build configuration list for PBXNativeTarget "photoAccessUITests" */ = {
			isa = XCConfigurationList;
			buildConfigurations = (
				FB20008F218B731500F9E903 /* Debug */,
				FB200090218B731500F9E903 /* Release */,
			);
			defaultConfigurationIsVisible = 0;
			defaultConfigurationName = Release;
		};
/* End XCConfigurationList section */

/* Begin XCVersionGroup section */
		FB200067218B731400F9E903 /* photoAccess.xcdatamodeld */ = {
			isa = XCVersionGroup;
			children = (
				FB200068218B731400F9E903 /* photoAccess.xcdatamodel */,
			);
			currentVersion = FB200068218B731400F9E903 /* photoAccess.xcdatamodel */;
			path = photoAccess.xcdatamodeld;
			sourceTree = "<group>";
			versionGroupType = wrapper.xcdatamodel;
		};
/* End XCVersionGroup section */
	};
	rootObject = FB200055218B731400F9E903 /* Project object */;
}
